
Microsoft Visual Studio Solution File, Format Version 12.00
# Visual Studio Version 16
VisualStudioVersion = 16.0.31112.23
MinimumVisualStudioVersion = 10.0.40219.1
Project("{FAE04EC0-301F-11D3-BF4B-00C04F79EFBC}") = "LA", "LA\LA.csproj", "{983A1868-5C6D-4D3B-98A8-5B84BD1905C3}"
EndProject
Global
	GlobalSection(SolutionConfigurationPlatforms) = preSolution
		Debug|Any CPU = Debug|Any CPU
		Release|Any CPU = Release|Any CPU
	EndGlobalSection
	GlobalSection(ProjectConfigurationPlatforms) = postSolution
		{983A1868-5C6D-4D3B-98A8-5B84BD1905C3}.Debug|Any CPU.ActiveCfg = Debug|Any CPU
		{983A1868-5C6D-4D3B-98A8-5B84BD1905C3}.Debug|Any CPU.Build.0 = Debug|Any CPU
		{983A1868-5C6D-4D3B-98A8-5B84BD1905C3}.Release|Any CPU.ActiveCfg = Release|Any CPU
		{983A1868-5C6D-4D3B-98A8-5B84BD1905C3}.Release|Any CPU.Build.0 = Release|Any CPU
	EndGlobalSection
	GlobalSection(SolutionProperties) = preSolution
		HideSolutionNode = FALSE
	EndGlobalSection
	GlobalSection(ExtensibilityGlobals) = postSolution
		SolutionGuid = {70DF3094-7BAC-4B69-8A73-B06C21DCE81A}
	EndGlobalSection
EndGlobal
